
Microsoft Visual Studio Solution File, Format Version 12.00
# Visual Studio 15
Project("{FAE04EC0-301F-11D3-BF4B-00C04F79EFBC}") = "EasyLottoPick", "EasyLottoPick.csproj", "{4723356B-82B6-477A-263F-140A12E4DF94}"
EndProject
Project("{FAE04EC0-301F-11D3-BF4B-00C04F79EFBC}") = "EasyLottoPick.Editor", "EasyLottoPick.Editor.csproj", "{E72C3F3E-91D2-6761-DDD6-C2E56F017D34}"
EndProject
Global
	GlobalSection(SolutionConfigurationPlatforms) = preSolution
		Debug|Any CPU = Debug|Any CPU
		Release|Any CPU = Release|Any CPU
	EndGlobalSection
	GlobalSection(ProjectConfigurationPlatforms) = postSolution
		{4723356B-82B6-477A-263F-140A12E4DF94}.Debug|Any CPU.ActiveCfg = Debug|Any CPU
		{4723356B-82B6-477A-263F-140A12E4DF94}.Debug|Any CPU.Build.0 = Debug|Any CPU
		{4723356B-82B6-477A-263F-140A12E4DF94}.Release|Any CPU.ActiveCfg = Release|Any CPU
		{4723356B-82B6-477A-263F-140A12E4DF94}.Release|Any CPU.Build.0 = Release|Any CPU
		{E72C3F3E-91D2-6761-DDD6-C2E56F017D34}.Debug|Any CPU.ActiveCfg = Debug|Any CPU
		{E72C3F3E-91D2-6761-DDD6-C2E56F017D34}.Debug|Any CPU.Build.0 = Debug|Any CPU
		{E72C3F3E-91D2-6761-DDD6-C2E56F017D34}.Release|Any CPU.ActiveCfg = Release|Any CPU
		{E72C3F3E-91D2-6761-DDD6-C2E56F017D34}.Release|Any CPU.Build.0 = Release|Any CPU
	EndGlobalSection
	GlobalSection(SolutionProperties) = preSolution
		HideSolutionNode = FALSE
	EndGlobalSection
EndGlobal
